
Microsoft Visual Studio Solution File, Format Version 12.00
# Visual Studio Version 17
VisualStudioVersion = 17.14.36414.22
MinimumVisualStudioVersion = 10.0.40219.1
Project("{FAE04EC0-301F-11D3-BF4B-00C04F79EFBC}") = "ReceivableAdvance.WebApi", "src\ReceivableAdvance.WebApi\ReceivableAdvance.WebApi.csproj", "{4031D5E1-9D9E-404B-A438-8C3E26D901D8}"
EndProject
Project("{FAE04EC0-301F-11D3-BF4B-00C04F79EFBC}") = "ReceivableAdvance.Core", "src\ReceivableAdvance.Core\ReceivableAdvance.Core.csproj", "{6DF1B208-07A7-4D38-92DF-351DFD08DF37}"
EndProject
Project("{FAE04EC0-301F-11D3-BF4B-00C04F79EFBC}") = "ReceivableAdvance.Application", "src\ReceivableAdvance.Application\ReceivableAdvance.Application.csproj", "{866D58A9-6340-4B2A-9E56-AA35F45DE615}"
EndProject
Project("{FAE04EC0-301F-11D3-BF4B-00C04F79EFBC}") = "ReceivableAdvance.Setup", "src\ReceivableAdvance.Setup\ReceivableAdvance.Setup.csproj", "{98D89AD3-3FB1-4369-8FFF-62D059F9824A}"
EndProject
Project("{FAE04EC0-301F-11D3-BF4B-00C04F79EFBC}") = "ReceivableAdvance.Infra", "src\ReceivableAdvance.Infra\ReceivableAdvance.Infra.csproj", "{0A0F0FB6-17C7-43AC-B36E-9892B0CD429E}"
EndProject
Project("{FAE04EC0-301F-11D3-BF4B-00C04F79EFBC}") = "ReceivableAdvance.Tests", "tests\ReceivableAdvance.Tests\ReceivableAdvance.Tests.csproj", "{FA44809F-3A0E-4C07-9C9E-99CB57F14BC2}"
EndProject
Project("{2150E333-8FDC-42A3-9474-1A3956D46DE8}") = "Solution Items", "Solution Items", "{8EC462FD-D22E-90A8-E5CE-7E832BA40C5D}"
	ProjectSection(SolutionItems) = preProject
		README.md = README.md
		data\receivable-advance-db = data\receivable-advance-db
	EndProjectSection
EndProject
Global
	GlobalSection(SolutionConfigurationPlatforms) = preSolution
		Debug|Any CPU = Debug|Any CPU
		Release|Any CPU = Release|Any CPU
	EndGlobalSection
	GlobalSection(ProjectConfigurationPlatforms) = postSolution
		{4031D5E1-9D9E-404B-A438-8C3E26D901D8}.Debug|Any CPU.ActiveCfg = Debug|Any CPU
		{4031D5E1-9D9E-404B-A438-8C3E26D901D8}.Debug|Any CPU.Build.0 = Debug|Any CPU
		{4031D5E1-9D9E-404B-A438-8C3E26D901D8}.Release|Any CPU.ActiveCfg = Release|Any CPU
		{4031D5E1-9D9E-404B-A438-8C3E26D901D8}.Release|Any CPU.Build.0 = Release|Any CPU
		{6DF1B208-07A7-4D38-92DF-351DFD08DF37}.Debug|Any CPU.ActiveCfg = Debug|Any CPU
		{6DF1B208-07A7-4D38-92DF-351DFD08DF37}.Debug|Any CPU.Build.0 = Debug|Any CPU
		{6DF1B208-07A7-4D38-92DF-351DFD08DF37}.Release|Any CPU.ActiveCfg = Release|Any CPU
		{6DF1B208-07A7-4D38-92DF-351DFD08DF37}.Release|Any CPU.Build.0 = Release|Any CPU
		{866D58A9-6340-4B2A-9E56-AA35F45DE615}.Debug|Any CPU.ActiveCfg = Debug|Any CPU
		{866D58A9-6340-4B2A-9E56-AA35F45DE615}.Debug|Any CPU.Build.0 = Debug|Any CPU
		{866D58A9-6340-4B2A-9E56-AA35F45DE615}.Release|Any CPU.ActiveCfg = Release|Any CPU
		{866D58A9-6340-4B2A-9E56-AA35F45DE615}.Release|Any CPU.Build.0 = Release|Any CPU
		{98D89AD3-3FB1-4369-8FFF-62D059F9824A}.Debug|Any CPU.ActiveCfg = Debug|Any CPU
		{98D89AD3-3FB1-4369-8FFF-62D059F9824A}.Debug|Any CPU.Build.0 = Debug|Any CPU
		{98D89AD3-3FB1-4369-8FFF-62D059F9824A}.Release|Any CPU.ActiveCfg = Release|Any CPU
		{98D89AD3-3FB1-4369-8FFF-62D059F9824A}.Release|Any CPU.Build.0 = Release|Any CPU
		{0A0F0FB6-17C7-43AC-B36E-9892B0CD429E}.Debug|Any CPU.ActiveCfg = Debug|Any CPU
		{0A0F0FB6-17C7-43AC-B36E-9892B0CD429E}.Debug|Any CPU.Build.0 = Debug|Any CPU
		{0A0F0FB6-17C7-43AC-B36E-9892B0CD429E}.Release|Any CPU.ActiveCfg = Release|Any CPU
		{0A0F0FB6-17C7-43AC-B36E-9892B0CD429E}.Release|Any CPU.Build.0 = Release|Any CPU
		{FA44809F-3A0E-4C07-9C9E-99CB57F14BC2}.Debug|Any CPU.ActiveCfg = Debug|Any CPU
		{FA44809F-3A0E-4C07-9C9E-99CB57F14BC2}.Debug|Any CPU.Build.0 = Debug|Any CPU
		{FA44809F-3A0E-4C07-9C9E-99CB57F14BC2}.Release|Any CPU.ActiveCfg = Release|Any CPU
		{FA44809F-3A0E-4C07-9C9E-99CB57F14BC2}.Release|Any CPU.Build.0 = Release|Any CPU
	EndGlobalSection
	GlobalSection(SolutionProperties) = preSolution
		HideSolutionNode = FALSE
	EndGlobalSection
	GlobalSection(ExtensibilityGlobals) = postSolution
		SolutionGuid = {F49221F4-1C25-4EB1-BA48-2E3E41FB2E7D}
	EndGlobalSection
EndGlobal
